github.com/tpavel-aspose/fileformat-shortcodes v1.0.1 h1:e9nPaVz9zZ5KAj2jp5MejsTctof7wA8kOV3JA+P3Exk=
github.com/tpavel-aspose/fileformat-shortcodes v1.0.1/go.mod h1:SvFfwgffSEIFYXVeZMq9pzfN2GICwqhyisQJugfx3+w=
github.com/tpavel-aspose/fileformat-shortcodes v1.0.2 h1:+EnGJJRpEMaaa3Fgi++z8a1OzvaR3AK8du3fnBOaK8s=
github.com/tpavel-aspose/fileformat-shortcodes v1.0.2/go.mod h1:SvFfwgffSEIFYXVeZMq9pzfN2GICwqhyisQJugfx3+w=
github.com/tpavel-aspose/lutsk-aspose-theme v1.0.0 h1:09vLD6+90kPHV9WTLp2u+68Id7iDAOwwgSH8mgQxiZs=
github.com/tpavel-aspose/lutsk-aspose-theme v1.0.0/go.mod h1:D+jNdE+hPW+wr0f8i2lywTJhIzSJbxvVasU0NJtPt/M=
